// !$*UTF8*$!
{
	archiveVersion = 1;
	classes = {
	};
	objectVersion = 51;
	objects = {

/* Begin PBXBuildFile section */
		2DE0ABB0BE4819B8B4C7C0EE /* Pods_newproject_newprojectUITests.framework in Frameworks */ = {isa = PBXBuildFile; fileRef = 0B25A026551A334502F7636D /* Pods_newproject_newprojectUITests.framework */; };
		4CB42D8A5AFF4CCFDB4687DF /* Pods_newprojectTests.framework in Frameworks */ = {isa = PBXBuildFile; fileRef = 536BEBA5A1FBB4EB0DEE325F /* Pods_newprojectTests.framework */; };
		5216B84B26FAEE23001DB016 /* AppDelegate.swift in Sources */ = {isa = PBXBuildFile; fileRef = 5216B84A26FAEE23001DB016 /* AppDelegate.swift */; };
		5216B84D26FAEE23001DB016 /* SceneDelegate.swift in Sources */ = {isa = PBXBuildFile; fileRef = 5216B84C26FAEE23001DB016 /* SceneDelegate.swift */; };
		5216B84F26FAEE23001DB016 /* ViewController.swift in Sources */ = {isa = PBXBuildFile; fileRef = 5216B84E26FAEE23001DB016 /* ViewController.swift */; };
		5216B85226FAEE23001DB016 /* Main.storyboard in Resources */ = {isa = PBXBuildFile; fileRef = 5216B85026FAEE23001DB016 /* Main.storyboard */; };
		5216B85426FAEE25001DB016 /* Assets.xcassets in Resources */ = {isa = PBXBuildFile; fileRef = 5216B85326FAEE25001DB016 /* Assets.xcassets */; };
		5216B85726FAEE25001DB016 /* LaunchScreen.storyboard in Resources */ = {isa = PBXBuildFile; fileRef = 5216B85526FAEE25001DB016 /* LaunchScreen.storyboard */; };
		5216B86226FAEE25001DB016 /* newprojectTests.swift in Sources */ = {isa = PBXBuildFile; fileRef = 5216B86126FAEE25001DB016 /* newprojectTests.swift */; };
		5216B86D26FAEE25001DB016 /* newprojectUITests.swift in Sources */ = {isa = PBXBuildFile; fileRef = 5216B86C26FAEE25001DB016 /* newprojectUITests.swift */; };
		5216B87D26FAFBA2001DB016 /* signuptvcontroller.swift in Sources */ = {isa = PBXBuildFile; fileRef = 5216B87C26FAFBA2001DB016 /* signuptvcontroller.swift */; };
		5216B88126FB07FA001DB016 /* bannercell.swift in Sources */ = {isa = PBXBuildFile; fileRef = 5216B88026FB07FA001DB016 /* bannercell.swift */; };
		5216B88326FB0DA3001DB016 /* BannerCollectionViewCell.swift in Sources */ = {isa = PBXBuildFile; fileRef = 5216B88226FB0DA3001DB016 /* BannerCollectionViewCell.swift */; };
		5216B88526FB0EAE001DB016 /* HomeTableController.swift in Sources */ = {isa = PBXBuildFile; fileRef = 5216B88426FB0EAE001DB016 /* HomeTableController.swift */; };
		5216B88826FB3002001DB016 /* HomeTrendingTableCell.swift in Sources */ = {isa = PBXBuildFile; fileRef = 5216B88726FB3002001DB016 /* HomeTrendingTableCell.swift */; };
		5216B88A26FB30D6001DB016 /* hometrendcollcell.swift in Sources */ = {isa = PBXBuildFile; fileRef = 5216B88926FB30D6001DB016 /* hometrendcollcell.swift */; };
		52DD267B2701E41500E9AFC2 /* IntialViewController.swift in Sources */ = {isa = PBXBuildFile; fileRef = 52DD267A2701E41500E9AFC2 /* IntialViewController.swift */; };
		D9029FDCDCF40C1377E70E7D /* Pods_newproject.framework in Frameworks */ = {isa = PBXBuildFile; fileRef = 2E9289175D0F7EE6B44B9629 /* Pods_newproject.framework */; };
/* End PBXBuildFile section */

/* Begin PBXContainerItemProxy section */
		5216B85E26FAEE25001DB016 /* PBXContainerItemProxy */ = {
			isa = PBXContainerItemProxy;
			containerPortal = 5216B83F26FAEE23001DB016 /* Project object */;
			proxyType = 1;
			remoteGlobalIDString = 5216B84626FAEE23001DB016;
			remoteInfo = newproject;
		};
		5216B86926FAEE25001DB016 /* PBXContainerItemProxy */ = {
			isa = PBXContainerItemProxy;
			containerPortal = 5216B83F26FAEE23001DB016 /* Project object */;
			proxyType = 1;
			remoteGlobalIDString = 5216B84626FAEE23001DB016;
			remoteInfo = newproject;
		};
/* End PBXContainerItemProxy section */

/* Begin PBXFileReference section */
		0B25A026551A334502F7636D /* Pods_newproject_newprojectUITests.framework */ = {isa = PBXFileReference; explicitFileType = wrapper.framework; includeInIndex = 0; path = Pods_newproject_newprojectUITests.framework; sourceTree = BUILT_PRODUCTS_DIR; };
		18DC8453303DBE48239787A8 /* Pods-newproject-newprojectUITests.debug.xcconfig */ = {isa = PBXFileReference; includeInIndex = 1; lastKnownFileType = text.xcconfig; name = "Pods-newproject-newprojectUITests.debug.xcconfig"; path = "Target Support Files/Pods-newproject-newprojectUITests/Pods-newproject-newprojectUITests.debug.xcconfig"; sourceTree = "<group>"; };
		2E9289175D0F7EE6B44B9629 /* Pods_newproject.framework */ = {isa = PBXFileReference; explicitFileType = wrapper.framework; includeInIndex = 0; path = Pods_newproject.framework; sourceTree = BUILT_PRODUCTS_DIR; };
		5216B84726FAEE23001DB016 /* newproject.app */ = {isa = PBXFileReference; explicitFileType = wrapper.application; includeInIndex = 0; path = newproject.app; sourceTree = BUILT_PRODUCTS_DIR; };
		5216B84A26FAEE23001DB016 /* AppDelegate.swift */ = {isa = PBXFileReference; lastKnownFileType = sourcecode.swift; path = AppDelegate.swift; sourceTree = "<group>"; };
		5216B84C26FAEE23001DB016 /* SceneDelegate.swift */ = {isa = PBXFileReference; lastKnownFileType = sourcecode.swift; path = SceneDelegate.swift; sourceTree = "<group>"; };
		5216B84E26FAEE23001DB016 /* ViewController.swift */ = {isa = PBXFileReference; lastKnownFileType = sourcecode.swift; path = ViewController.swift; sourceTree = "<group>"; };
		5216B85126FAEE23001DB016 /* Base */ = {isa = PBXFileReference; lastKnownFileType = file.storyboard; name = Base; path = Base.lproj/Main.storyboard; sourceTree = "<group>"; };
		5216B85326FAEE25001DB016 /* Assets.xcassets */ = {isa = PBXFileReference; lastKnownFileType = folder.assetcatalog; path = Assets.xcassets; sourceTree = "<group>"; };
		5216B85626FAEE25001DB016 /* Base */ = {isa = PBXFileReference; lastKnownFileType = file.storyboard; name = Base; path = Base.lproj/LaunchScreen.storyboard; sourceTree = "<group>"; };
		5216B85826FAEE25001DB016 /* Info.plist */ = {isa = PBXFileReference; lastKnownFileType = text.plist.xml; path = Info.plist; sourceTree = "<group>"; };
		5216B85D26FAEE25001DB016 /* newprojectTests.xctest */ = {isa = PBXFileReference; explicitFileType = wrapper.cfbundle; includeInIndex = 0; path = newprojectTests.xctest; sourceTree = BUILT_PRODUCTS_DIR; };
		5216B86126FAEE25001DB016 /* newprojectTests.swift */ = {isa = PBXFileReference; lastKnownFileType = sourcecode.swift; path = newprojectTests.swift; sourceTree = "<group>"; };
		5216B86326FAEE25001DB016 /* Info.plist */ = {isa = PBXFileReference; lastKnownFileType = text.plist.xml; path = Info.plist; sourceTree = "<group>"; };
		5216B86826FAEE25001DB016 /* newprojectUITests.xctest */ = {isa = PBXFileReference; explicitFileType = wrapper.cfbundle; includeInIndex = 0; path = newprojectUITests.xctest; sourceTree = BUILT_PRODUCTS_DIR; };
		5216B86C26FAEE25001DB016 /* newprojectUITests.swift */ = {isa = PBXFileReference; lastKnownFileType = sourcecode.swift; path = newprojectUITests.swift; sourceTree = "<group>"; };
		5216B86E26FAEE25001DB016 /* Info.plist */ = {isa = PBXFileReference; lastKnownFileType = text.plist.xml; path = Info.plist; sourceTree = "<group>"; };
		5216B87C26FAFBA2001DB016 /* signuptvcontroller.swift */ = {isa = PBXFileReference; lastKnownFileType = sourcecode.swift; path = signuptvcontroller.swift; sourceTree = "<group>"; };
		5216B88026FB07FA001DB016 /* bannercell.swift */ = {isa = PBXFileReference; lastKnownFileType = sourcecode.swift; path = bannercell.swift; sourceTree = "<group>"; };
		5216B88226FB0DA3001DB016 /* BannerCollectionViewCell.swift */ = {isa = PBXFileReference; lastKnownFileType = sourcecode.swift; path = BannerCollectionViewCell.swift; sourceTree = "<group>"; };
		5216B88426FB0EAE001DB016 /* HomeTableController.swift */ = {isa = PBXFileReference; lastKnownFileType = sourcecode.swift; path = HomeTableController.swift; sourceTree = "<group>"; };
		5216B88726FB3002001DB016 /* HomeTrendingTableCell.swift */ = {isa = PBXFileReference; lastKnownFileType = sourcecode.swift; path = HomeTrendingTableCell.swift; sourceTree = "<group>"; };
		5216B88926FB30D6001DB016 /* hometrendcollcell.swift */ = {isa = PBXFileReference; lastKnownFileType = sourcecode.swift; path = hometrendcollcell.swift; sourceTree = "<group>"; };
		52DD267A2701E41500E9AFC2 /* IntialViewController.swift */ = {isa = PBXFileReference; lastKnownFileType = sourcecode.swift; path = IntialViewController.swift; sourceTree = "<group>"; };
		536BEBA5A1FBB4EB0DEE325F /* Pods_newprojectTests.framework */ = {isa = PBXFileReference; explicitFileType = wrapper.framework; includeInIndex = 0; path = Pods_newprojectTests.framework; sourceTree = BUILT_PRODUCTS_DIR; };
		6F38B203EE849ACD0A3CB2E6 /* Pods-newproject.release.xcconfig */ = {isa = PBXFileReference; includeInIndex = 1; lastKnownFileType = text.xcconfig; name = "Pods-newproject.release.xcconfig"; path = "Target Support Files/Pods-newproject/Pods-newproject.release.xcconfig"; sourceTree = "<group>"; };
		A36C62E5F6D052CA267E4262 /* Pods-newprojectTests.release.xcconfig */ = {isa = PBXFileReference; includeInIndex = 1; lastKnownFileType = text.xcconfig; name = "Pods-newprojectTests.release.xcconfig"; path = "Target Support Files/Pods-newprojectTests/Pods-newprojectTests.release.xcconfig"; sourceTree = "<group>"; };
		CFD3E6FF059B6C1BF3438F1F /* Pods-newproject-newprojectUITests.release.xcconfig */ = {isa = PBXFileReference; includeInIndex = 1; lastKnownFileType = text.xcconfig; name = "Pods-newproject-newprojectUITests.release.xcconfig"; path = "Target Support Files/Pods-newproject-newprojectUITests/Pods-newproject-newprojectUITests.release.xcconfig"; sourceTree = "<group>"; };
		D0347EB11AB189B49C144AE4 /* Pods-newprojectTests.debug.xcconfig */ = {isa = PBXFileReference; includeInIndex = 1; lastKnownFileType = text.xcconfig; name = "Pods-newprojectTests.debug.xcconfig"; path = "Target Support Files/Pods-newprojectTests/Pods-newprojectTests.debug.xcconfig"; sourceTree = "<group>"; };
		D7C6E2AABF94E3B07C03EAB8 /* Pods-newproject.debug.xcconfig */ = {isa = PBXFileReference; includeInIndex = 1; lastKnownFileType = text.xcconfig; name = "Pods-newproject.debug.xcconfig"; path = "Target Support Files/Pods-newproject/Pods-newproject.debug.xcconfig"; sourceTree = "<group>"; };
/* End PBXFileReference section */

/* Begin PBXFrameworksBuildPhase section */
		5216B84426FAEE23001DB016 /* Frameworks */ = {
			isa = PBXFrameworksBuildPhase;
			buildActionMask = 2147483647;
			files = (
				D9029FDCDCF40C1377E70E7D /* Pods_newproject.framework in Frameworks */,
			);
			runOnlyForDeploymentPostprocessing = 0;
		};
		5216B85A26FAEE25001DB016 /* Frameworks */ = {
			isa = PBXFrameworksBuildPhase;
			buildActionMask = 2147483647;
			files = (
				4CB42D8A5AFF4CCFDB4687DF /* Pods_newprojectTests.framework in Frameworks */,
			);
			runOnlyForDeploymentPostprocessing = 0;
		};
		5216B86526FAEE25001DB016 /* Frameworks */ = {
			isa = PBXFrameworksBuildPhase;
			buildActionMask = 2147483647;
			files = (
				2DE0ABB0BE4819B8B4C7C0EE /* Pods_newproject_newprojectUITests.framework in Frameworks */,
			);
			runOnlyForDeploymentPostprocessing = 0;
		};
/* End PBXFrameworksBuildPhase section */

/* Begin PBXGroup section */
		08C3AF5CE094A99D4736020B /* Pods */ = {
			isa = PBXGroup;
			children = (
				D7C6E2AABF94E3B07C03EAB8 /* Pods-newproject.debug.xcconfig */,
				6F38B203EE849ACD0A3CB2E6 /* Pods-newproject.release.xcconfig */,
				18DC8453303DBE48239787A8 /* Pods-newproject-newprojectUITests.debug.xcconfig */,
				CFD3E6FF059B6C1BF3438F1F /* Pods-newproject-newprojectUITests.release.xcconfig */,
				D0347EB11AB189B49C144AE4 /* Pods-newprojectTests.debug.xcconfig */,
				A36C62E5F6D052CA267E4262 /* Pods-newprojectTests.release.xcconfig */,
			);
			path = Pods;
			sourceTree = "<group>";
		};
		3DC17887A8F9863EE1421D55 /* Frameworks */ = {
			isa = PBXGroup;
			children = (
				2E9289175D0F7EE6B44B9629 /* Pods_newproject.framework */,
				0B25A026551A334502F7636D /* Pods_newproject_newprojectUITests.framework */,
				536BEBA5A1FBB4EB0DEE325F /* Pods_newprojectTests.framework */,
			);
			name = Frameworks;
			sourceTree = "<group>";
		};
		5216B83E26FAEE23001DB016 = {
			isa = PBXGroup;
			children = (
				5216B84926FAEE23001DB016 /* newproject */,
				5216B86026FAEE25001DB016 /* newprojectTests */,
				5216B86B26FAEE25001DB016 /* newprojectUITests */,
				5216B84826FAEE23001DB016 /* Products */,
				08C3AF5CE094A99D4736020B /* Pods */,
				3DC17887A8F9863EE1421D55 /* Frameworks */,
			);
			sourceTree = "<group>";
		};
		5216B84826FAEE23001DB016 /* Products */ = {
			isa = PBXGroup;
			children = (
				5216B84726FAEE23001DB016 /* newproject.app */,
				5216B85D26FAEE25001DB016 /* newprojectTests.xctest */,
				5216B86826FAEE25001DB016 /* newprojectUITests.xctest */,
			);
			name = Products;
			sourceTree = "<group>";
		};
		5216B84926FAEE23001DB016 /* newproject */ = {
			isa = PBXGroup;
			children = (
				5216B88626FB2FD5001DB016 /* HomeTrending */,
				5216B84A26FAEE23001DB016 /* AppDelegate.swift */,
				5216B84C26FAEE23001DB016 /* SceneDelegate.swift */,
				52DD267A2701E41500E9AFC2 /* IntialViewController.swift */,
				5216B85026FAEE23001DB016 /* Main.storyboard */,
				5216B85326FAEE25001DB016 /* Assets.xcassets */,
				5216B85526FAEE25001DB016 /* LaunchScreen.storyboard */,
				5216B85826FAEE25001DB016 /* Info.plist */,
				5216B84E26FAEE23001DB016 /* ViewController.swift */,
				5216B87C26FAFBA2001DB016 /* signuptvcontroller.swift */,
				5216B88426FB0EAE001DB016 /* HomeTableController.swift */,
				5216B88026FB07FA001DB016 /* bannercell.swift */,
				5216B88226FB0DA3001DB016 /* BannerCollectionViewCell.swift */,
			);
			path = newproject;
			sourceTree = "<group>";
		};
		5216B86026FAEE25001DB016 /* newprojectTests */ = {
			isa = PBXGroup;
			children = (
				5216B86126FAEE25001DB016 /* newprojectTests.swift */,
				5216B86326FAEE25001DB016 /* Info.plist */,
			);
			path = newprojectTests;
			sourceTree = "<group>";
		};
		5216B86B26FAEE25001DB016 /* newprojectUITests */ = {
			isa = PBXGroup;
			children = (
				5216B86C26FAEE25001DB016 /* newprojectUITests.swift */,
				5216B86E26FAEE25001DB016 /* Info.plist */,
			);
			path = newprojectUITests;
			sourceTree = "<group>";
		};
		5216B88626FB2FD5001DB016 /* HomeTrending */ = {
			isa = PBXGroup;
			children = (
				5216B88726FB3002001DB016 /* HomeTrendingTableCell.swift */,
				5216B88926FB30D6001DB016 /* hometrendcollcell.swift */,
			);
			path = HomeTrending;
			sourceTree = "<group>";
		};
/* End PBXGroup section */

/* Begin PBXNativeTarget section */
		5216B84626FAEE23001DB016 /* newproject */ = {
			isa = PBXNativeTarget;
			buildConfigurationList = 5216B87126FAEE25001DB016 /* Build configuration list for PBXNativeTarget "newproject" */;
			buildPhases = (
				FA7F36366546C70F9B6775D0 /* [CP] Check Pods Manifest.lock */,
				5216B84326FAEE23001DB016 /* Sources */,
				5216B84426FAEE23001DB016 /* Frameworks */,
				5216B84526FAEE23001DB016 /* Resources */,
				2792B50706B5922EF4006244 /* [CP] Embed Pods Frameworks */,
			);
			buildRules = (
			);
			dependencies = (
			);
			name = newproject;
			productName = newproject;
			productReference = 5216B84726FAEE23001DB016 /* newproject.app */;
			productType = "com.apple.product-type.application";
		};
		5216B85C26FAEE25001DB016 /* newprojectTests */ = {
			isa = PBXNativeTarget;
			buildConfigurationList = 5216B87426FAEE25001DB016 /* Build configuration list for PBXNativeTarget "newprojectTests" */;
			buildPhases = (
				A71B63D676CE7EF29E219919 /* [CP] Check Pods Manifest.lock */,
				5216B85926FAEE25001DB016 /* Sources */,
				5216B85A26FAEE25001DB016 /* Frameworks */,
				5216B85B26FAEE25001DB016 /* Resources */,
			);
			buildRules = (
			);
			dependencies = (
				5216B85F26FAEE25001DB016 /* PBXTargetDependency */,
			);
			name = newprojectTests;
			productName = newprojectTests;
			productReference = 5216B85D26FAEE25001DB016 /* newprojectTests.xctest */;
			productType = "com.apple.product-type.bundle.unit-test";
		};
		5216B86726FAEE25001DB016 /* newprojectUITests */ = {
			isa = PBXNativeTarget;
			buildConfigurationList = 5216B87726FAEE25001DB016 /* Build configuration list for PBXNativeTarget "newprojectUITests" */;
			buildPhases = (
				585A871B90A25E1F1D06E731 /* [CP] Check Pods Manifest.lock */,
				5216B86426FAEE25001DB016 /* Sources */,
				5216B86526FAEE25001DB016 /* Frameworks */,
				5216B86626FAEE25001DB016 /* Resources */,
				460E5FD204A54F585BC37A0D /* [CP] Embed Pods Frameworks */,
			);
			buildRules = (
			);
			dependencies = (
				5216B86A26FAEE25001DB016 /* PBXTargetDependency */,
			);
			name = newprojectUITests;
			productName = newprojectUITests;
			productReference = 5216B86826FAEE25001DB016 /* newprojectUITests.xctest */;
			productType = "com.apple.product-type.bundle.ui-testing";
		};
/* End PBXNativeTarget section */

/* Begin PBXProject section */
		5216B83F26FAEE23001DB016 /* Project object */ = {
			isa = PBXProject;
			attributes = {
				LastSwiftUpdateCheck = 1250;
				LastUpgradeCheck = 1250;
				TargetAttributes = {
					5216B84626FAEE23001DB016 = {
						CreatedOnToolsVersion = 12.5.1;
					};
					5216B85C26FAEE25001DB016 = {
						CreatedOnToolsVersion = 12.5.1;
						TestTargetID = 5216B84626FAEE23001DB016;
					};
					5216B86726FAEE25001DB016 = {
						CreatedOnToolsVersion = 12.5.1;
						TestTargetID = 5216B84626FAEE23001DB016;
					};
				};
			};
			buildConfigurationList = 5216B84226FAEE23001DB016 /* Build configuration list for PBXProject "newproject" */;
			compatibilityVersion = "Xcode 9.3";
			developmentRegion = en;
			hasScannedForEncodings = 0;
			knownRegions = (
				en,
				Base,
			);
			mainGroup = 5216B83E26FAEE23001DB016;
			productRefGroup = 5216B84826FAEE23001DB016 /* Products */;
			projectDirPath = "";
			projectRoot = "";
			targets = (
				5216B84626FAEE23001DB016 /* newproject */,
				5216B85C26FAEE25001DB016 /* newprojectTests */,
				5216B86726FAEE25001DB016 /* newprojectUITests */,
			);
		};
/* End PBXProject section */

/* Begin PBXResourcesBuildPhase section */
		5216B84526FAEE23001DB016 /* Resources */ = {
			isa = PBXResourcesBuildPhase;
			buildActionMask = 2147483647;
			files = (
				5216B85726FAEE25001DB016 /* LaunchScreen.storyboard in Resources */,
				5216B85426FAEE25001DB016 /* Assets.xcassets in Resources */,
				5216B85226FAEE23001DB016 /* Main.storyboard in Resources */,
			);
			runOnlyForDeploymentPostprocessing = 0;
		};
		5216B85B26FAEE25001DB016 /* Resources */ = {
			isa = PBXResourcesBuildPhase;
			buildActionMask = 2147483647;
			files = (
			);
			runOnlyForDeploymentPostprocessing = 0;
		};
		5216B86626FAEE25001DB016 /* Resources */ = {
			isa = PBXResourcesBuildPhase;
			buildActionMask = 2147483647;
			files = (
			);
			runOnlyForDeploymentPostprocessing = 0;
		};
/* End PBXResourcesBuildPhase section */

/* Begin PBXShellScriptBuildPhase section */
		2792B50706B5922EF4006244 /* [CP] Embed Pods Frameworks */ = {
			isa = PBXShellScriptBuildPhase;
			buildActionMask = 2147483647;
			files = (
			);
			inputFileListPaths = (
				"${PODS_ROOT}/Target Support Files/Pods-newproject/Pods-newproject-frameworks-${CONFIGURATION}-input-files.xcfilelist",
			);
			name = "[CP] Embed Pods Frameworks";
			outputFileListPaths = (
				"${PODS_ROOT}/Target Support Files/Pods-newproject/Pods-newproject-frameworks-${CONFIGURATION}-output-files.xcfilelist",
			);
			runOnlyForDeploymentPostprocessing = 0;
			shellPath = /bin/sh;
			shellScript = "\"${PODS_ROOT}/Target Support Files/Pods-newproject/Pods-newproject-frameworks.sh\"\n";
			showEnvVarsInLog = 0;
		};
		460E5FD204A54F585BC37A0D /* [CP] Embed Pods Frameworks */ = {
			isa = PBXShellScriptBuildPhase;
			buildActionMask = 2147483647;
			files = (
			);
			inputFileListPaths = (
				"${PODS_ROOT}/Target Support Files/Pods-newproject-newprojectUITests/Pods-newproject-newprojectUITests-frameworks-${CONFIGURATION}-input-files.xcfilelist",
			);
			name = "[CP] Embed Pods Frameworks";
			outputFileListPaths = (
				"${PODS_ROOT}/Target Support Files/Pods-newproject-newprojectUITests/Pods-newproject-newprojectUITests-frameworks-${CONFIGURATION}-output-files.xcfilelist",
			);
			runOnlyForDeploymentPostprocessing = 0;
			shellPath = /bin/sh;
			shellScript = "\"${PODS_ROOT}/Target Support Files/Pods-newproject-newprojectUITests/Pods-newproject-newprojectUITests-frameworks.sh\"\n";
			showEnvVarsInLog = 0;
		};
		585A871B90A25E1F1D06E731 /* [CP] Check Pods Manifest.lock */ = {
			isa = PBXShellScriptBuildPhase;
			buildActionMask = 2147483647;
			files = (
			);
			inputFileListPaths = (
			);
			inputPaths = (
				"${PODS_PODFILE_DIR_PATH}/Podfile.lock",
				"${PODS_ROOT}/Manifest.lock",
			);
			name = "[CP] Check Pods Manifest.lock";
			outputFileListPaths = (
			);
			outputPaths = (
				"$(DERIVED_FILE_DIR)/Pods-newproject-newprojectUITests-checkManifestLockResult.txt",
			);
			runOnlyForDeploymentPostprocessing = 0;
			shellPath = /bin/sh;
			shellScript = "diff \"${PODS_PODFILE_DIR_PATH}/Podfile.lock\" \"${PODS_ROOT}/Manifest.lock\" > /dev/null\nif [ $? != 0 ] ; then\n    # print error to STDERR\n    echo \"error: The sandbox is not in sync with the Podfile.lock. Run 'pod install' or update your CocoaPods installation.\" >&2\n    exit 1\nfi\n# This output is used by Xcode 'outputs' to avoid re-running this script phase.\necho \"SUCCESS\" > \"${SCRIPT_OUTPUT_FILE_0}\"\n";
			showEnvVarsInLog = 0;
		};
		A71B63D676CE7EF29E219919 /* [CP] Check Pods Manifest.lock */ = {
			isa = PBXShellScriptBuildPhase;
			buildActionMask = 2147483647;
			files = (
			);
			inputFileListPaths = (
			);
			inputPaths = (
				"${PODS_PODFILE_DIR_PATH}/Podfile.lock",
				"${PODS_ROOT}/Manifest.lock",
			);
			name = "[CP] Check Pods Manifest.lock";
			outputFileListPaths = (
			);
			outputPaths = (
				"$(DERIVED_FILE_DIR)/Pods-newprojectTests-checkManifestLockResult.txt",
			);
			runOnlyForDeploymentPostprocessing = 0;
			shellPath = /bin/sh;
			shellScript = "diff \"${PODS_PODFILE_DIR_PATH}/Podfile.lock\" \"${PODS_ROOT}/Manifest.lock\" > /dev/null\nif [ $? != 0 ] ; then\n    # print error to STDERR\n    echo \"error: The sandbox is not in sync with the Podfile.lock. Run 'pod install' or update your CocoaPods installation.\" >&2\n    exit 1\nfi\n# This output is used by Xcode 'outputs' to avoid re-running this script phase.\necho \"SUCCESS\" > \"${SCRIPT_OUTPUT_FILE_0}\"\n";
			showEnvVarsInLog = 0;
		};
		FA7F36366546C70F9B6775D0 /* [CP] Check Pods Manifest.lock */ = {
			isa = PBXShellScriptBuildPhase;
			buildActionMask = 2147483647;
			files = (
			);
			inputFileListPaths = (
			);
			inputPaths = (
				"${PODS_PODFILE_DIR_PATH}/Podfile.lock",
				"${PODS_ROOT}/Manifest.lock",
			);
			name = "[CP] Check Pods Manifest.lock";
			outputFileListPaths = (
			);
			outputPaths = (
				"$(DERIVED_FILE_DIR)/Pods-newproject-checkManifestLockResult.txt",
			);
			runOnlyForDeploymentPostprocessing = 0;
			shellPath = /bin/sh;
			shellScript = "diff \"${PODS_PODFILE_DIR_PATH}/Podfile.lock\" \"${PODS_ROOT}/Manifest.lock\" > /dev/null\nif [ $? != 0 ] ; then\n    # print error to STDERR\n    echo \"error: The sandbox is not in sync with the Podfile.lock. Run 'pod install' or update your CocoaPods installation.\" >&2\n    exit 1\nfi\n# This output is used by Xcode 'outputs' to avoid re-running this script phase.\necho \"SUCCESS\" > \"${SCRIPT_OUTPUT_FILE_0}\"\n";
			showEnvVarsInLog = 0;
		};
/* End PBXShellScriptBuildPhase section */

/* Begin PBXSourcesBuildPhase section */
		5216B84326FAEE23001DB016 /* Sources */ = {
			isa = PBXSourcesBuildPhase;
			buildActionMask = 2147483647;
			files = (
				5216B88526FB0EAE001DB016 /* HomeTableController.swift in Sources */,
				5216B88326FB0DA3001DB016 /* BannerCollectionViewCell.swift in Sources */,
				5216B88A26FB30D6001DB016 /* hometrendcollcell.swift in Sources */,
				5216B88826FB3002001DB016 /* HomeTrendingTableCell.swift in Sources */,
				5216B88126FB07FA001DB016 /* bannercell.swift in Sources */,
				52DD267B2701E41500E9AFC2 /* IntialViewController.swift in Sources */,
				5216B84F26FAEE23001DB016 /* ViewController.swift in Sources */,
				5216B84B26FAEE23001DB016 /* AppDelegate.swift in Sources */,
				5216B84D26FAEE23001DB016 /* SceneDelegate.swift in Sources */,
				5216B87D26FAFBA2001DB016 /* signuptvcontroller.swift in Sources */,
			);
			runOnlyForDeploymentPostprocessing = 0;
		};
		5216B85926FAEE25001DB016 /* Sources */ = {
			isa = PBXSourcesBuildPhase;
			buildActionMask = 2147483647;
			files = (
				5216B86226FAEE25001DB016 /* newprojectTests.swift in Sources */,
			);
			runOnlyForDeploymentPostprocessing = 0;
		};
		5216B86426FAEE25001DB016 /* Sources */ = {
			isa = PBXSourcesBuildPhase;
			buildActionMask = 2147483647;
			files = (
				5216B86D26FAEE25001DB016 /* newprojectUITests.swift in Sources */,
			);
			runOnlyForDeploymentPostprocessing = 0;
		};
/* End PBXSourcesBuildPhase section */

/* Begin PBXTargetDependency section */
		5216B85F26FAEE25001DB016 /* PBXTargetDependency */ = {
			isa = PBXTargetDependency;
			target = 5216B84626FAEE23001DB016 /* newproject */;
			targetProxy = 5216B85E26FAEE25001DB016 /* PBXContainerItemProxy */;
		};
		5216B86A26FAEE25001DB016 /* PBXTargetDependency */ = {
			isa = PBXTargetDependency;
			target = 5216B84626FAEE23001DB016 /* newproject */;
			targetProxy = 5216B86926FAEE25001DB016 /* PBXContainerItemProxy */;
		};
/* End PBXTargetDependency section */

/* Begin PBXVariantGroup section */
		5216B85026FAEE23001DB016 /* Main.storyboard */ = {
			isa = PBXVariantGroup;
			children = (
				5216B85126FAEE23001DB016 /* Base */,
			);
			name = Main.storyboard;
			sourceTree = "<group>";
		};
		5216B85526FAEE25001DB016 /* LaunchScreen.storyboard */ = {
			isa = PBXVariantGroup;
			children = (
				5216B85626FAEE25001DB016 /* Base */,
			);
			name = LaunchScreen.storyboard;
			sourceTree = "<group>";
		};
/* End PBXVariantGroup section */

/* Begin XCBuildConfiguration section */
		5216B86F26FAEE25001DB016 /* Debug */ = {
			isa = XCBuildConfiguration;
			buildSettings = {
				ALWAYS_SEARCH_USER_PATHS = NO;
				CLANG_ANALYZER_NONNULL = YES;
				CLANG_ANALYZER_NUMBER_OBJECT_CONVERSION = YES_AGGRESSIVE;
				CLANG_CXX_LANGUAGE_STANDARD = "gnu++14";
				CLANG_CXX_LIBRARY = "libc++";
				CLANG_ENABLE_MODULES = YES;
				CLANG_ENABLE_OBJC_ARC = YES;
				CLANG_ENABLE_OBJC_WEAK = YES;
				CLANG_WARN_BLOCK_CAPTURE_AUTORELEASING = YES;
				CLANG_WARN_BOOL_CONVERSION = YES;
				CLANG_WARN_COMMA = YES;
				CLANG_WARN_CONSTANT_CONVERSION = YES;
				CLANG_WARN_DEPRECATED_OBJC_IMPLEMENTATIONS = YES;
				CLANG_WARN_DIRECT_OBJC_ISA_USAGE = YES_ERROR;
				CLANG_WARN_DOCUMENTATION_COMMENTS = YES;
				CLANG_WARN_EMPTY_BODY = YES;
				CLANG_WARN_ENUM_CONVERSION = YES;
				CLANG_WARN_INFINITE_RECURSION = YES;
				CLANG_WARN_INT_CONVERSION = YES;
				CLANG_WARN_NON_LITERAL_NULL_CONVERSION = YES;
				CLANG_WARN_OBJC_IMPLICIT_RETAIN_SELF = YES;
				CLANG_WARN_OBJC_LITERAL_CONVERSION = YES;
				CLANG_WARN_OBJC_ROOT_CLASS = YES_ERROR;
				CLANG_WARN_QUOTED_INCLUDE_IN_FRAMEWORK_HEADER = YES;
				CLANG_WARN_RANGE_LOOP_ANALYSIS = YES;
				CLANG_WARN_STRICT_PROTOTYPES = YES;
				CLANG_WARN_SUSPICIOUS_MOVE = YES;
				CLANG_WARN_UNGUARDED_AVAILABILITY = YES_AGGRESSIVE;
				CLANG_WARN_UNREACHABLE_CODE = YES;
				CLANG_WARN__DUPLICATE_METHOD_MATCH = YES;
				COPY_PHASE_STRIP = NO;
				DEBUG_INFORMATION_FORMAT = dwarf;
				ENABLE_STRICT_OBJC_MSGSEND = YES;
				ENABLE_TESTABILITY = YES;
				GCC_C_LANGUAGE_STANDARD = gnu11;
				GCC_DYNAMIC_NO_PIC = NO;
				GCC_NO_COMMON_BLOCKS = YES;
				GCC_OPTIMIZATION_LEVEL = 0;
				GCC_PREPROCESSOR_DEFINITIONS = (
					"DEBUG=1",
					"$(inherited)",
				);
				GCC_WARN_64_TO_32_BIT_CONVERSION = YES;
				GCC_WARN_ABOUT_RETURN_TYPE = YES_ERROR;
				GCC_WARN_UNDECLARED_SELECTOR = YES;
				GCC_WARN_UNINITIALIZED_AUTOS = YES_AGGRESSIVE;
				GCC_WARN_UNUSED_FUNCTION = YES;
				GCC_WARN_UNUSED_VARIABLE = YES;
				IPHONEOS_DEPLOYMENT_TARGET = 14.5;
				MTL_ENABLE_DEBUG_INFO = INCLUDE_SOURCE;
				MTL_FAST_MATH = YES;
				ONLY_ACTIVE_ARCH = YES;
				SDKROOT = iphoneos;
				SWIFT_ACTIVE_COMPILATION_CONDITIONS = DEBUG;
				SWIFT_OPTIMIZATION_LEVEL = "-Onone";
			};
			name = Debug;
		};
		5216B87026FAEE25001DB016 /* Release */ = {
			isa = XCBuildConfiguration;
			buildSettings = {
				ALWAYS_SEARCH_USER_PATHS = NO;
				CLANG_ANALYZER_NONNULL = YES;
				CLANG_ANALYZER_NUMBER_OBJECT_CONVERSION = YES_AGGRESSIVE;
				CLANG_CXX_LANGUAGE_STANDARD = "gnu++14";
				CLANG_CXX_LIBRARY = "libc++";
				CLANG_ENABLE_MODULES = YES;
				CLANG_ENABLE_OBJC_ARC = YES;
				CLANG_ENABLE_OBJC_WEAK = YES;
				CLANG_WARN_BLOCK_CAPTURE_AUTORELEASING = YES;
				CLANG_WARN_BOOL_CONVERSION = YES;
				CLANG_WARN_COMMA = YES;
				CLANG_WARN_CONSTANT_CONVERSION = YES;
				CLANG_WARN_DEPRECATED_OBJC_IMPLEMENTATIONS = YES;
				CLANG_WARN_DIRECT_OBJC_ISA_USAGE = YES_ERROR;
				CLANG_WARN_DOCUMENTATION_COMMENTS = YES;
				CLANG_WARN_EMPTY_BODY = YES;
				CLANG_WARN_ENUM_CONVERSION = YES;
				CLANG_WARN_INFINITE_RECURSION = YES;
				CLANG_WARN_INT_CONVERSION = YES;
				CLANG_WARN_NON_LITERAL_NULL_CONVERSION = YES;
				CLANG_WARN_OBJC_IMPLICIT_RETAIN_SELF = YES;
				CLANG_WARN_OBJC_LITERAL_CONVERSION = YES;
				CLANG_WARN_OBJC_ROOT_CLASS = YES_ERROR;
				CLANG_WARN_QUOTED_INCLUDE_IN_FRAMEWORK_HEADER = YES;
				CLANG_WARN_RANGE_LOOP_ANALYSIS = YES;
				CLANG_WARN_STRICT_PROTOTYPES = YES;
				CLANG_WARN_SUSPICIOUS_MOVE = YES;
				CLANG_WARN_UNGUARDED_AVAILABILITY = YES_AGGRESSIVE;
				CLANG_WARN_UNREACHABLE_CODE = YES;
				CLANG_WARN__DUPLICATE_METHOD_MATCH = YES;
				COPY_PHASE_STRIP = NO;
				DEBUG_INFORMATION_FORMAT = "dwarf-with-dsym";
				ENABLE_NS_ASSERTIONS = NO;
				ENABLE_STRICT_OBJC_MSGSEND = YES;
				GCC_C_LANGUAGE_STANDARD = gnu11;
				GCC_NO_COMMON_BLOCKS = YES;
				GCC_WARN_64_TO_32_BIT_CONVERSION = YES;
				GCC_WARN_ABOUT_RETURN_TYPE = YES_ERROR;
				GCC_WARN_UNDECLARED_SELECTOR = YES;
				GCC_WARN_UNINITIALIZED_AUTOS = YES_AGGRESSIVE;
				GCC_WARN_UNUSED_FUNCTION = YES;
				GCC_WARN_UNUSED_VARIABLE = YES;
				IPHONEOS_DEPLOYMENT_TARGET = 14.5;
				MTL_ENABLE_DEBUG_INFO = NO;
				MTL_FAST_MATH = YES;
				SDKROOT = iphoneos;
				SWIFT_COMPILATION_MODE = wholemodule;
				SWIFT_OPTIMIZATION_LEVEL = "-O";
				VALIDATE_PRODUCT = YES;
			};
			name = Release;
		};
		5216B87226FAEE25001DB016 /* Debug */ = {
			isa = XCBuildConfiguration;
			baseConfigurationReference = D7C6E2AABF94E3B07C03EAB8 /* Pods-newproject.debug.xcconfig */;
			buildSettings = {
				ASSETCATALOG_COMPILER_APPICON_NAME = AppIcon;
				ASSETCATALOG_COMPILER_GLOBAL_ACCENT_COLOR_NAME = AccentColor;
				CODE_SIGN_STYLE = Automatic;
				INFOPLIST_FILE = newproject/Info.plist;
				LD_RUNPATH_SEARCH_PATHS = (
					"$(inherited)",
					"@executable_path/Frameworks",
				);
				PRODUCT_BUNDLE_IDENTIFIER = com.macapp.newproject;
				PRODUCT_NAME = "$(TARGET_NAME)";
				SWIFT_VERSION = 5.0;
				TARGETED_DEVICE_FAMILY = "1,2";
			};
			name = Debug;
		};
		5216B87326FAEE25001DB016 /* Release */ = {
			isa = XCBuildConfiguration;
			baseConfigurationReference = 6F38B203EE849ACD0A3CB2E6 /* Pods-newproject.release.xcconfig */;
			buildSettings = {
				ASSETCATALOG_COMPILER_APPICON_NAME = AppIcon;
				ASSETCATALOG_COMPILER_GLOBAL_ACCENT_COLOR_NAME = AccentColor;
				CODE_SIGN_STYLE = Automatic;
				INFOPLIST_FILE = newproject/Info.plist;
				LD_RUNPATH_SEARCH_PATHS = (
					"$(inherited)",
					"@executable_path/Frameworks",
				);
				PRODUCT_BUNDLE_IDENTIFIER = com.macapp.newproject;
				PRODUCT_NAME = "$(TARGET_NAME)";
				SWIFT_VERSION = 5.0;
				TARGETED_DEVICE_FAMILY = "1,2";
			};
			name = Release;
		};
		5216B87526FAEE25001DB016 /* Debug */ = {
			isa = XCBuildConfiguration;
			baseConfigurationReference = D0347EB11AB189B49C144AE4 /* Pods-newprojectTests.debug.xcconfig */;
			buildSettings = {
				ALWAYS_EMBED_SWIFT_STANDARD_LIBRARIES = YES;
				BUNDLE_LOADER = "$(TEST_HOST)";
				CODE_SIGN_STYLE = Automatic;
				INFOPLIST_FILE = newprojectTests/Info.plist;
				IPHONEOS_DEPLOYMENT_TARGET = 14.5;
				LD_RUNPATH_SEARCH_PATHS = (
					"$(inherited)",
					"@executable_path/Frameworks",
					"@loader_path/Frameworks",
				);
				PRODUCT_BUNDLE_IDENTIFIER = com.macapp.newprojectTests;
				PRODUCT_NAME = "$(TARGET_NAME)";
				SWIFT_VERSION = 5.0;
				TARGETED_DEVICE_FAMILY = "1,2";
				TEST_HOST = "$(BUILT_PRODUCTS_DIR)/newproject.app/newproject";
			};
			name = Debug;
		};
		5216B87626FAEE25001DB016 /* Release */ = {
			isa = XCBuildConfiguration;
			baseConfigurationReference = A36C62E5F6D052CA267E4262 /* Pods-newprojectTests.release.xcconfig */;
			buildSettings = {
				ALWAYS_EMBED_SWIFT_STANDARD_LIBRARIES = YES;
				BUNDLE_LOADER = "$(TEST_HOST)";
				CODE_SIGN_STYLE = Automatic;
				INFOPLIST_FILE = newprojectTests/Info.plist;
				IPHONEOS_DEPLOYMENT_TARGET = 14.5;
				LD_RUNPATH_SEARCH_PATHS = (
					"$(inherited)",
					"@executable_path/Frameworks",
					"@loader_path/Frameworks",
				);
				PRODUCT_BUNDLE_IDENTIFIER = com.macapp.newprojectTests;
				PRODUCT_NAME = "$(TARGET_NAME)";
				SWIFT_VERSION = 5.0;
				TARGETED_DEVICE_FAMILY = "1,2";
				TEST_HOST = "$(BUILT_PRODUCTS_DIR)/newproject.app/newproject";
			};
			name = Release;
		};
		5216B87826FAEE25001DB016 /* Debug */ = {
			isa = XCBuildConfiguration;
			baseConfigurationReference = 18DC8453303DBE48239787A8 /* Pods-newproject-newprojectUITests.debug.xcconfig */;
			buildSettings = {
				ALWAYS_EMBED_SWIFT_STANDARD_LIBRARIES = YES;
				CODE_SIGN_STYLE = Automatic;
				INFOPLIST_FILE = newprojectUITests/Info.plist;
				LD_RUNPATH_SEARCH_PATHS = (
					"$(inherited)",
					"@executable_path/Frameworks",
					"@loader_path/Frameworks",
				);
				PRODUCT_BUNDLE_IDENTIFIER = com.macapp.newprojectUITests;
				PRODUCT_NAME = "$(TARGET_NAME)";
				SWIFT_VERSION = 5.0;
				TARGETED_DEVICE_FAMILY = "1,2";
				TEST_TARGET_NAME = newproject;
			};
			name = Debug;
		};
		5216B87926FAEE25001DB016 /* Release */ = {
			isa = XCBuildConfiguration;
			baseConfigurationReference = CFD3E6FF059B6C1BF3438F1F /* Pods-newproject-newprojectUITests.release.xcconfig */;
			buildSettings = {
				ALWAYS_EMBED_SWIFT_STANDARD_LIBRARIES = YES;
				CODE_SIGN_STYLE = Automatic;
				INFOPLIST_FILE = newprojectUITests/Info.plist;
				LD_RUNPATH_SEARCH_PATHS = (
					"$(inherited)",
					"@executable_path/Frameworks",
					"@loader_path/Frameworks",
				);
				PRODUCT_BUNDLE_IDENTIFIER = com.macapp.newprojectUITests;
				PRODUCT_NAME = "$(TARGET_NAME)";
				SWIFT_VERSION = 5.0;
				TARGETED_DEVICE_FAMILY = "1,2";
				TEST_TARGET_NAME = newproject;
			};
			name = Release;
		};
/* End XCBuildConfiguration section */

/* Begin XCConfigurationList section */
		5216B84226FAEE23001DB016 /* Build configuration list for PBXProject "newproject" */ = {
			isa = XCConfigurationList;
			buildConfigurations = (
				5216B86F26FAEE25001DB016 /* Debug */,
				5216B87026FAEE25001DB016 /* Release */,
			);
			defaultConfigurationIsVisible = 0;
			defaultConfigurationName = Release;
		};
		5216B87126FAEE25001DB016 /* Build configuration list for PBXNativeTarget "newproject" */ = {
			isa = XCConfigurationList;
			buildConfigurations = (
				5216B87226FAEE25001DB016 /* Debug */,
				5216B87326FAEE25001DB016 /* Release */,
			);
			defaultConfigurationIsVisible = 0;
			defaultConfigurationName = Release;
		};
		5216B87426FAEE25001DB016 /* Build configuration list for PBXNativeTarget "newprojectTests" */ = {
			isa = XCConfigurationList;
			buildConfigurations = (
				5216B87526FAEE25001DB016 /* Debug */,
				5216B87626FAEE25001DB016 /* Release */,
			);
			defaultConfigurationIsVisible = 0;
			defaultConfigurationName = Release;
		};
		5216B87726FAEE25001DB016 /* Build configuration list for PBXNativeTarget "newprojectUITests" */ = {
			isa = XCConfigurationList;
			buildConfigurations = (
				5216B87826FAEE25001DB016 /* Debug */,
				5216B87926FAEE25001DB016 /* Release */,
			);
			defaultConfigurationIsVisible = 0;
			defaultConfigurationName = Release;
		};
/* End XCConfigurationList section */
	};
	rootObject = 5216B83F26FAEE23001DB016 /* Project object */;
}
